// !$*UTF8*$!
{
	archiveVersion = 1;
	classes = {
	};
	objectVersion = 48;
	objects = {

/* Begin PBXBuildFile section */
		FC02AED31F845C2500DC490B /* WebViewController.swift in Sources */ = {isa = PBXBuildFile; fileRef = FC02AED21F845C2500DC490B /* WebViewController.swift */; };
		FC42380520BFBF8000F4710A /* Localizable.strings in Resources */ = {isa = PBXBuildFile; fileRef = FC42380720BFBF8000F4710A /* Localizable.strings */; };
		FC9AE3761F7762A50068B20B /* AppDelegate.swift in Sources */ = {isa = PBXBuildFile; fileRef = FC9AE3751F7762A50068B20B /* AppDelegate.swift */; };
		FC9AE37B1F7762A50068B20B /* Main.storyboard in Resources */ = {isa = PBXBuildFile; fileRef = FC9AE3791F7762A50068B20B /* Main.storyboard */; };
		FC9AE37D1F7762A50068B20B /* Assets.xcassets in Resources */ = {isa = PBXBuildFile; fileRef = FC9AE37C1F7762A50068B20B /* Assets.xcassets */; };
		FC9AE3801F7762A50068B20B /* LaunchScreen.storyboard in Resources */ = {isa = PBXBuildFile; fileRef = FC9AE37E1F7762A50068B20B /* LaunchScreen.storyboard */; };
		FC9AE38B1F7762A50068B20B /* WorldTrotterTests.swift in Sources */ = {isa = PBXBuildFile; fileRef = FC9AE38A1F7762A50068B20B /* WorldTrotterTests.swift */; };
		FC9AE3961F7762A50068B20B /* WorldTrotterUITests.swift in Sources */ = {isa = PBXBuildFile; fileRef = FC9AE3951F7762A50068B20B /* WorldTrotterUITests.swift */; };
		FC9AE3A41F777C870068B20B /* ConversionViewController.swift in Sources */ = {isa = PBXBuildFile; fileRef = FC9AE3A31F777C870068B20B /* ConversionViewController.swift */; };
		FC9AE3A71F7A354F0068B20B /* MapKit.framework in Frameworks */ = {isa = PBXBuildFile; fileRef = FC9AE3A61F7A354F0068B20B /* MapKit.framework */; settings = {ATTRIBUTES = (Required, ); }; };
		FCD78AA51F7E0E3B003AC082 /* MapViewController.swift in Sources */ = {isa = PBXBuildFile; fileRef = FCD78AA41F7E0E3B003AC082 /* MapViewController.swift */; };
/* End PBXBuildFile section */

/* Begin PBXContainerItemProxy section */
		FC9AE3871F7762A50068B20B /* PBXContainerItemProxy */ = {
			isa = PBXContainerItemProxy;
			containerPortal = FC9AE36A1F7762A50068B20B /* Project object */;
			proxyType = 1;
			remoteGlobalIDString = FC9AE3711F7762A50068B20B;
			remoteInfo = WorldTrotter;
		};
		FC9AE3921F7762A50068B20B /* PBXContainerItemProxy */ = {
			isa = PBXContainerItemProxy;
			containerPortal = FC9AE36A1F7762A50068B20B /* Project object */;
			proxyType = 1;
			remoteGlobalIDString = FC9AE3711F7762A50068B20B;
			remoteInfo = WorldTrotter;
		};
/* End PBXContainerItemProxy section */

/* Begin PBXFileReference section */
		FC02AED21F845C2500DC490B /* WebViewController.swift */ = {isa = PBXFileReference; lastKnownFileType = sourcecode.swift; path = WebViewController.swift; sourceTree = "<group>"; };
		FC42380120BF6D4400F4710A /* fr */ = {isa = PBXFileReference; lastKnownFileType = text.plist.strings; name = fr; path = fr.lproj/Main.strings; sourceTree = "<group>"; };
		FC42380220BF6D4400F4710A /* fr */ = {isa = PBXFileReference; lastKnownFileType = text.plist.strings; name = fr; path = fr.lproj/LaunchScreen.strings; sourceTree = "<group>"; };
		FC42380620BFBF8000F4710A /* en */ = {isa = PBXFileReference; lastKnownFileType = text.plist.strings; name = en; path = en.lproj/Localizable.strings; sourceTree = "<group>"; };
		FC42380820BFBFAA00F4710A /* Base */ = {isa = PBXFileReference; lastKnownFileType = text.plist.strings; name = Base; path = Base.lproj/Localizable.strings; sourceTree = "<group>"; };
		FC42380920BFBFAE00F4710A /* es */ = {isa = PBXFileReference; lastKnownFileType = text.plist.strings; name = es; path = es.lproj/Localizable.strings; sourceTree = "<group>"; };
		FC42380A20BFBFB000F4710A /* fr */ = {isa = PBXFileReference; lastKnownFileType = text.plist.strings; name = fr; path = fr.lproj/Localizable.strings; sourceTree = "<group>"; };
		FC9AE3721F7762A50068B20B /* WorldTrotter.app */ = {isa = PBXFileReference; explicitFileType = wrapper.application; includeInIndex = 0; path = WorldTrotter.app; sourceTree = BUILT_PRODUCTS_DIR; };
		FC9AE3751F7762A50068B20B /* AppDelegate.swift */ = {isa = PBXFileReference; lastKnownFileType = sourcecode.swift; path = AppDelegate.swift; sourceTree = "<group>"; };
		FC9AE37A1F7762A50068B20B /* Base */ = {isa = PBXFileReference; lastKnownFileType = file.storyboard; name = Base; path = Base.lproj/Main.storyboard; sourceTree = "<group>"; };
		FC9AE37C1F7762A50068B20B /* Assets.xcassets */ = {isa = PBXFileReference; lastKnownFileType = folder.assetcatalog; path = Assets.xcassets; sourceTree = "<group>"; };
		FC9AE37F1F7762A50068B20B /* Base */ = {isa = PBXFileReference; lastKnownFileType = file.storyboard; name = Base; path = Base.lproj/LaunchScreen.storyboard; sourceTree = "<group>"; };
		FC9AE3811F7762A50068B20B /* Info.plist */ = {isa = PBXFileReference; lastKnownFileType = text.plist.xml; path = Info.plist; sourceTree = "<group>"; };
		FC9AE3861F7762A50068B20B /* WorldTrotterTests.xctest */ = {isa = PBXFileReference; explicitFileType = wrapper.cfbundle; includeInIndex = 0; path = WorldTrotterTests.xctest; sourceTree = BUILT_PRODUCTS_DIR; };
		FC9AE38A1F7762A50068B20B /* WorldTrotterTests.swift */ = {isa = PBXFileReference; lastKnownFileType = sourcecode.swift; path = WorldTrotterTests.swift; sourceTree = "<group>"; };
		FC9AE38C1F7762A50068B20B /* Info.plist */ = {isa = PBXFileReference; lastKnownFileType = text.plist.xml; path = Info.plist; sourceTree = "<group>"; };
		FC9AE3911F7762A50068B20B /* WorldTrotterUITests.xctest */ = {isa = PBXFileReference; explicitFileType = wrapper.cfbundle; includeInIndex = 0; path = WorldTrotterUITests.xctest; sourceTree = BUILT_PRODUCTS_DIR; };
		FC9AE3951F7762A50068B20B /* WorldTrotterUITests.swift */ = {isa = PBXFileReference; lastKnownFileType = sourcecode.swift; path = WorldTrotterUITests.swift; sourceTree = "<group>"; };
		FC9AE3971F7762A50068B20B /* Info.plist */ = {isa = PBXFileReference; lastKnownFileType = text.plist.xml; path = Info.plist; sourceTree = "<group>"; };
		FC9AE3A31F777C870068B20B /* ConversionViewController.swift */ = {isa = PBXFileReference; lastKnownFileType = sourcecode.swift; path = ConversionViewController.swift; sourceTree = "<group>"; };
		FC9AE3A61F7A354F0068B20B /* MapKit.framework */ = {isa = PBXFileReference; lastKnownFileType = wrapper.framework; name = MapKit.framework; path = System/Library/Frameworks/MapKit.framework; sourceTree = SDKROOT; };
		FCD78AA41F7E0E3B003AC082 /* MapViewController.swift */ = {isa = PBXFileReference; lastKnownFileType = sourcecode.swift; path = MapViewController.swift; sourceTree = "<group>"; };
		FCF1BA4820B8E7D700AFBD73 /* en */ = {isa = PBXFileReference; lastKnownFileType = text.plist.strings; name = en; path = en.lproj/Main.strings; sourceTree = "<group>"; };
		FCF1BA4920B8E88E00AFBD73 /* es */ = {isa = PBXFileReference; lastKnownFileType = text.plist.strings; name = es; path = es.lproj/Main.strings; sourceTree = "<group>"; };
/* End PBXFileReference section */

/* Begin PBXFrameworksBuildPhase section */
		FC9AE36F1F7762A50068B20B /* Frameworks */ = {
			isa = PBXFrameworksBuildPhase;
			buildActionMask = 2147483647;
			files = (
				FC9AE3A71F7A354F0068B20B /* MapKit.framework in Frameworks */,
			);
			runOnlyForDeploymentPostprocessing = 0;
		};
		FC9AE3831F7762A50068B20B /* Frameworks */ = {
			isa = PBXFrameworksBuildPhase;
			buildActionMask = 2147483647;
			files = (
			);
			runOnlyForDeploymentPostprocessing = 0;
		};
		FC9AE38E1F7762A50068B20B /* Frameworks */ = {
			isa = PBXFrameworksBuildPhase;
			buildActionMask = 2147483647;
			files = (
			);
			runOnlyForDeploymentPostprocessing = 0;
		};
/* End PBXFrameworksBuildPhase section */

/* Begin PBXGroup section */
		FC9AE3691F7762A50068B20B = {
			isa = PBXGroup;
			children = (
				FC9AE3741F7762A50068B20B /* WorldTrotter */,
				FC9AE3891F7762A50068B20B /* WorldTrotterTests */,
				FC9AE3941F7762A50068B20B /* WorldTrotterUITests */,
				FC9AE3731F7762A50068B20B /* Products */,
				FC9AE3A51F7A354E0068B20B /* Frameworks */,
			);
			sourceTree = "<group>";
		};
		FC9AE3731F7762A50068B20B /* Products */ = {
			isa = PBXGroup;
			children = (
				FC9AE3721F7762A50068B20B /* WorldTrotter.app */,
				FC9AE3861F7762A50068B20B /* WorldTrotterTests.xctest */,
				FC9AE3911F7762A50068B20B /* WorldTrotterUITests.xctest */,
			);
			name = Products;
			sourceTree = "<group>";
		};
		FC9AE3741F7762A50068B20B /* WorldTrotter */ = {
			isa = PBXGroup;
			children = (
				FC9AE3A31F777C870068B20B /* ConversionViewController.swift */,
				FC02AED21F845C2500DC490B /* WebViewController.swift */,
				FCD78AA41F7E0E3B003AC082 /* MapViewController.swift */,
				FC42380720BFBF8000F4710A /* Localizable.strings */,
				FC9AE3751F7762A50068B20B /* AppDelegate.swift */,
				FC9AE3791F7762A50068B20B /* Main.storyboard */,
				FC9AE37C1F7762A50068B20B /* Assets.xcassets */,
				FC9AE37E1F7762A50068B20B /* LaunchScreen.storyboard */,
				FC9AE3811F7762A50068B20B /* Info.plist */,
			);
			path = WorldTrotter;
			sourceTree = "<group>";
		};
		FC9AE3891F7762A50068B20B /* WorldTrotterTests */ = {
			isa = PBXGroup;
			children = (
				FC9AE38A1F7762A50068B20B /* WorldTrotterTests.swift */,
				FC9AE38C1F7762A50068B20B /* Info.plist */,
			);
			path = WorldTrotterTests;
			sourceTree = "<group>";
		};
		FC9AE3941F7762A50068B20B /* WorldTrotterUITests */ = {
			isa = PBXGroup;
			children = (
				FC9AE3951F7762A50068B20B /* WorldTrotterUITests.swift */,
				FC9AE3971F7762A50068B20B /* Info.plist */,
			);
			path = WorldTrotterUITests;
			sourceTree = "<group>";
		};
		FC9AE3A51F7A354E0068B20B /* Frameworks */ = {
			isa = PBXGroup;
			children = (
				FC9AE3A61F7A354F0068B20B /* MapKit.framework */,
			);
			name = Frameworks;
			sourceTree = "<group>";
		};
/* End PBXGroup section */

/* Begin PBXNativeTarget section */
		FC9AE3711F7762A50068B20B /* WorldTrotter */ = {
			isa = PBXNativeTarget;
			buildConfigurationList = FC9AE39A1F7762A50068B20B /* Build configuration list for PBXNativeTarget "WorldTrotter" */;
			buildPhases = (
				FC9AE36E1F7762A50068B20B /* Sources */,
				FC9AE36F1F7762A50068B20B /* Frameworks */,
				FC9AE3701F7762A50068B20B /* Resources */,
			);
			buildRules = (
			);
			dependencies = (
			);
			name = WorldTrotter;
			productName = WorldTrotter;
			productReference = FC9AE3721F7762A50068B20B /* WorldTrotter.app */;
			productType = "com.apple.product-type.application";
		};
		FC9AE3851F7762A50068B20B /* WorldTrotterTests */ = {
			isa = PBXNativeTarget;
			buildConfigurationList = FC9AE39D1F7762A50068B20B /* Build configuration list for PBXNativeTarget "WorldTrotterTests" */;
			buildPhases = (
				FC9AE3821F7762A50068B20B /* Sources */,
				FC9AE3831F7762A50068B20B /* Frameworks */,
				FC9AE3841F7762A50068B20B /* Resources */,
			);
			buildRules = (
			);
			dependencies = (
				FC9AE3881F7762A50068B20B /* PBXTargetDependency */,
			);
			name = WorldTrotterTests;
			productName = WorldTrotterTests;
			productReference = FC9AE3861F7762A50068B20B /* WorldTrotterTests.xctest */;
			productType = "com.apple.product-type.bundle.unit-test";
		};
		FC9AE3901F7762A50068B20B /* WorldTrotterUITests */ = {
			isa = PBXNativeTarget;
			buildConfigurationList = FC9AE3A01F7762A50068B20B /* Build configuration list for PBXNativeTarget "WorldTrotterUITests" */;
			buildPhases = (
				FC9AE38D1F7762A50068B20B /* Sources */,
				FC9AE38E1F7762A50068B20B /* Frameworks */,
				FC9AE38F1F7762A50068B20B /* Resources */,
			);
			buildRules = (
			);
			dependencies = (
				FC9AE3931F7762A50068B20B /* PBXTargetDependency */,
			);
			name = WorldTrotterUITests;
			productName = WorldTrotterUITests;
			productReference = FC9AE3911F7762A50068B20B /* WorldTrotterUITests.xctest */;
			productType = "com.apple.product-type.bundle.ui-testing";
		};
/* End PBXNativeTarget section */

/* Begin PBXProject section */
		FC9AE36A1F7762A50068B20B /* Project object */ = {
			isa = PBXProject;
			attributes = {
				LastSwiftUpdateCheck = 0900;
				LastUpgradeCheck = 0930;
				ORGANIZATIONNAME = "Erik Olson";
				TargetAttributes = {
					FC9AE3711F7762A50068B20B = {
						CreatedOnToolsVersion = 9.0;
						ProvisioningStyle = Automatic;
					};
					FC9AE3851F7762A50068B20B = {
						CreatedOnToolsVersion = 9.0;
						ProvisioningStyle = Automatic;
						TestTargetID = FC9AE3711F7762A50068B20B;
					};
					FC9AE3901F7762A50068B20B = {
						CreatedOnToolsVersion = 9.0;
						ProvisioningStyle = Automatic;
						TestTargetID = FC9AE3711F7762A50068B20B;
					};
				};
			};
			buildConfigurationList = FC9AE36D1F7762A50068B20B /* Build configuration list for PBXProject "WorldTrotter" */;
			compatibilityVersion = "Xcode 8.0";
			developmentRegion = en;
			hasScannedForEncodings = 0;
			knownRegions = (
				en,
				Base,
				es,
				fr,
			);
			mainGroup = FC9AE3691F7762A50068B20B;
			productRefGroup = FC9AE3731F7762A50068B20B /* Products */;
			projectDirPath = "";
			projectRoot = "";
			targets = (
				FC9AE3711F7762A50068B20B /* WorldTrotter */,
				FC9AE3851F7762A50068B20B /* WorldTrotterTests */,
				FC9AE3901F7762A50068B20B /* WorldTrotterUITests */,
			);
		};
/* End PBXProject section */

/* Begin PBXResourcesBuildPhase section */
		FC9AE3701F7762A50068B20B /* Resources */ = {
			isa = PBXResourcesBuildPhase;
			buildActionMask = 2147483647;
			files = (
				FC9AE3801F7762A50068B20B /* LaunchScreen.storyboard in Resources */,
				FC42380520BFBF8000F4710A /* Localizable.strings in Resources */,
				FC9AE37D1F7762A50068B20B /* Assets.xcassets in Resources */,
				FC9AE37B1F7762A50068B20B /* Main.storyboard in Resources */,
			);
			runOnlyForDeploymentPostprocessing = 0;
		};
		FC9AE3841F7762A50068B20B /* Resources */ = {
			isa = PBXResourcesBuildPhase;
			buildActionMask = 2147483647;
			files = (
			);
			runOnlyForDeploymentPostprocessing = 0;
		};
		FC9AE38F1F7762A50068B20B /* Resources */ = {
			isa = PBXResourcesBuildPhase;
			buildActionMask = 2147483647;
			files = (
			);
			runOnlyForDeploymentPostprocessing = 0;
		};
/* End PBXResourcesBuildPhase section */

/* Begin PBXSourcesBuildPhase section */
		FC9AE36E1F7762A50068B20B /* Sources */ = {
			isa = PBXSourcesBuildPhase;
			buildActionMask = 2147483647;
			files = (
				FC9AE3A41F777C870068B20B /* ConversionViewController.swift in Sources */,
				FCD78AA51F7E0E3B003AC082 /* MapViewController.swift in Sources */,
				FC9AE3761F7762A50068B20B /* AppDelegate.swift in Sources */,
				FC02AED31F845C2500DC490B /* WebViewController.swift in Sources */,
			);
			runOnlyForDeploymentPostprocessing = 0;
		};
		FC9AE3821F7762A50068B20B /* Sources */ = {
			isa = PBXSourcesBuildPhase;
			buildActionMask = 2147483647;
			files = (
				FC9AE38B1F7762A50068B20B /* WorldTrotterTests.swift in Sources */,
			);
			runOnlyForDeploymentPostprocessing = 0;
		};
		FC9AE38D1F7762A50068B20B /* Sources */ = {
			isa = PBXSourcesBuildPhase;
			buildActionMask = 2147483647;
			files = (
				FC9AE3961F7762A50068B20B /* WorldTrotterUITests.swift in Sources */,
			);
			runOnlyForDeploymentPostprocessing = 0;
		};
/* End PBXSourcesBuildPhase section */

/* Begin PBXTargetDependency section */
		FC9AE3881F7762A50068B20B /* PBXTargetDependency */ = {
			isa = PBXTargetDependency;
			target = FC9AE3711F7762A50068B20B /* WorldTrotter */;
			targetProxy = FC9AE3871F7762A50068B20B /* PBXContainerItemProxy */;
		};
		FC9AE3931F7762A50068B20B /* PBXTargetDependency */ = {
			isa = PBXTargetDependency;
			target = FC9AE3711F7762A50068B20B /* WorldTrotter */;
			targetProxy = FC9AE3921F7762A50068B20B /* PBXContainerItemProxy */;
		};
/* End PBXTargetDependency section */

/* Begin PBXVariantGroup section */
		FC42380720BFBF8000F4710A /* Localizable.strings */ = {
			isa = PBXVariantGroup;
			children = (
				FC42380620BFBF8000F4710A /* en */,
				FC42380820BFBFAA00F4710A /* Base */,
				FC42380920BFBFAE00F4710A /* es */,
				FC42380A20BFBFB000F4710A /* fr */,
			);
			name = Localizable.strings;
			sourceTree = "<group>";
		};
		FC9AE3791F7762A50068B20B /* Main.storyboard */ = {
			isa = PBXVariantGroup;
			children = (
				FC9AE37A1F7762A50068B20B /* Base */,
				FCF1BA4820B8E7D700AFBD73 /* en */,
				FCF1BA4920B8E88E00AFBD73 /* es */,
				FC42380120BF6D4400F4710A /* fr */,
			);
			name = Main.storyboard;
			sourceTree = "<group>";
		};
		FC9AE37E1F7762A50068B20B /* LaunchScreen.storyboard */ = {
			isa = PBXVariantGroup;
			children = (
				FC9AE37F1F7762A50068B20B /* Base */,
				FC42380220BF6D4400F4710A /* fr */,
			);
			name = LaunchScreen.storyboard;
			sourceTree = "<group>";
		};
/* End PBXVariantGroup section */

/* Begin XCBuildConfiguration section */
		FC9AE3981F7762A50068B20B /* Debug */ = {
			isa = XCBuildConfiguration;
			buildSettings = {
				ALWAYS_SEARCH_USER_PATHS = NO;
				CLANG_ANALYZER_LOCALIZABILITY_NONLOCALIZED = YES;
				CLANG_ANALYZER_NONNULL = YES;
				CLANG_ANALYZER_NUMBER_OBJECT_CONVERSION = YES_AGGRESSIVE;
				CLANG_CXX_LANGUAGE_STANDARD = "gnu++14";
				CLANG_CXX_LIBRARY = "libc++";
				CLANG_ENABLE_MODULES = YES;
				CLANG_ENABLE_OBJC_ARC = YES;
				CLANG_WARN_BLOCK_CAPTURE_AUTORELEASING = YES;
				CLANG_WARN_BOOL_CONVERSION = YES;
				CLANG_WARN_COMMA = YES;
				CLANG_WARN_CONSTANT_CONVERSION = YES;
				CLANG_WARN_DEPRECATED_OBJC_IMPLEMENTATIONS = YES;
				CLANG_WARN_DIRECT_OBJC_ISA_USAGE = YES_ERROR;
				CLANG_WARN_DOCUMENTATION_COMMENTS = YES;
				CLANG_WARN_EMPTY_BODY = YES;
				CLANG_WARN_ENUM_CONVERSION = YES;
				CLANG_WARN_INFINITE_RECURSION = YES;
				CLANG_WARN_INT_CONVERSION = YES;
				CLANG_WARN_NON_LITERAL_NULL_CONVERSION = YES;
				CLANG_WARN_OBJC_IMPLICIT_RETAIN_SELF = YES;
				CLANG_WARN_OBJC_LITERAL_CONVERSION = YES;
				CLANG_WARN_OBJC_ROOT_CLASS = YES_ERROR;
				CLANG_WARN_RANGE_LOOP_ANALYSIS = YES;
				CLANG_WARN_STRICT_PROTOTYPES = YES;
				CLANG_WARN_SUSPICIOUS_MOVE = YES;
				CLANG_WARN_UNGUARDED_AVAILABILITY = YES_AGGRESSIVE;
				CLANG_WARN_UNREACHABLE_CODE = YES;
				CLANG_WARN__DUPLICATE_METHOD_MATCH = YES;
				CODE_SIGN_IDENTITY = "iPhone Developer";
				COPY_PHASE_STRIP = NO;
				DEBUG_INFORMATION_FORMAT = dwarf;
				ENABLE_STRICT_OBJC_MSGSEND = YES;
				ENABLE_TESTABILITY = YES;
				GCC_C_LANGUAGE_STANDARD = gnu11;
				GCC_DYNAMIC_NO_PIC = NO;
				GCC_NO_COMMON_BLOCKS = YES;
				GCC_OPTIMIZATION_LEVEL = 0;
				GCC_PREPROCESSOR_DEFINITIONS = (
					"DEBUG=1",
					"$(inherited)",
				);
				GCC_WARN_64_TO_32_BIT_CONVERSION = YES;
				GCC_WARN_ABOUT_RETURN_TYPE = YES_ERROR;
				GCC_WARN_UNDECLARED_SELECTOR = YES;
				GCC_WARN_UNINITIALIZED_AUTOS = YES_AGGRESSIVE;
				GCC_WARN_UNUSED_FUNCTION = YES;
				GCC_WARN_UNUSED_VARIABLE = YES;
				IPHONEOS_DEPLOYMENT_TARGET = 11.3;
				MTL_ENABLE_DEBUG_INFO = YES;
				ONLY_ACTIVE_ARCH = YES;
				SDKROOT = iphoneos;
				SWIFT_ACTIVE_COMPILATION_CONDITIONS = DEBUG;
				SWIFT_OPTIMIZATION_LEVEL = "-Onone";
				SWIFT_VERSION = "";
			};
			name = Debug;
		};
		FC9AE3991F7762A50068B20B /* Release */ = {
			isa = XCBuildConfiguration;
			buildSettings = {
				ALWAYS_SEARCH_USER_PATHS = NO;
				CLANG_ANALYZER_LOCALIZABILITY_NONLOCALIZED = YES;
				CLANG_ANALYZER_NONNULL = YES;
				CLANG_ANALYZER_NUMBER_OBJECT_CONVERSION = YES_AGGRESSIVE;
				CLANG_CXX_LANGUAGE_STANDARD = "gnu++14";
				CLANG_CXX_LIBRARY = "libc++";
				CLANG_ENABLE_MODULES = YES;
				CLANG_ENABLE_OBJC_ARC = YES;
				CLANG_WARN_BLOCK_CAPTURE_AUTORELEASING = YES;
				CLANG_WARN_BOOL_CONVERSION = YES;
				CLANG_WARN_COMMA = YES;
				CLANG_WARN_CONSTANT_CONVERSION = YES;
				CLANG_WARN_DEPRECATED_OBJC_IMPLEMENTATIONS = YES;
				CLANG_WARN_DIRECT_OBJC_ISA_USAGE = YES_ERROR;
				CLANG_WARN_DOCUMENTATION_COMMENTS = YES;
				CLANG_WARN_EMPTY_BODY = YES;
				CLANG_WARN_ENUM_CONVERSION = YES;
				CLANG_WARN_INFINITE_RECURSION = YES;
				CLANG_WARN_INT_CONVERSION = YES;
				CLANG_WARN_NON_LITERAL_NULL_CONVERSION = YES;
				CLANG_WARN_OBJC_IMPLICIT_RETAIN_SELF = YES;
				CLANG_WARN_OBJC_LITERAL_CONVERSION = YES;
				CLANG_WARN_OBJC_ROOT_CLASS = YES_ERROR;
				CLANG_WARN_RANGE_LOOP_ANALYSIS = YES;
				CLANG_WARN_STRICT_PROTOTYPES = YES;
				CLANG_WARN_SUSPICIOUS_MOVE = YES;
				CLANG_WARN_UNGUARDED_AVAILABILITY = YES_AGGRESSIVE;
				CLANG_WARN_UNREACHABLE_CODE = YES;
				CLANG_WARN__DUPLICATE_METHOD_MATCH = YES;
				CODE_SIGN_IDENTITY = "iPhone Developer";
				COPY_PHASE_STRIP = NO;
				DEBUG_INFORMATION_FORMAT = "dwarf-with-dsym";
				ENABLE_NS_ASSERTIONS = NO;
				ENABLE_STRICT_OBJC_MSGSEND = YES;
				GCC_C_LANGUAGE_STANDARD = gnu11;
				GCC_NO_COMMON_BLOCKS = YES;
				GCC_WARN_64_TO_32_BIT_CONVERSION = YES;
				GCC_WARN_ABOUT_RETURN_TYPE = YES_ERROR;
				GCC_WARN_UNDECLARED_SELECTOR = YES;
				GCC_WARN_UNINITIALIZED_AUTOS = YES_AGGRESSIVE;
				GCC_WARN_UNUSED_FUNCTION = YES;
				GCC_WARN_UNUSED_VARIABLE = YES;
				IPHONEOS_DEPLOYMENT_TARGET = 11.3;
				MTL_ENABLE_DEBUG_INFO = NO;
				SDKROOT = iphoneos;
				SWIFT_OPTIMIZATION_LEVEL = "-Owholemodule";
				SWIFT_VERSION = "";
				VALIDATE_PRODUCT = YES;
			};
			name = Release;
		};
		FC9AE39B1F7762A50068B20B /* Debug */ = {
			isa = XCBuildConfiguration;
			buildSettings = {
				ASSETCATALOG_COMPILER_APPICON_NAME = AppIcon;
				CODE_SIGN_STYLE = Automatic;
				DEVELOPMENT_TEAM = 5ZR62RK7QJ;
				INFOPLIST_FILE = WorldTrotter/Info.plist;
				LD_RUNPATH_SEARCH_PATHS = "$(inherited) @executable_path/Frameworks";
				PRODUCT_BUNDLE_IDENTIFIER = com.erikolson.WorldTrotter;
				PRODUCT_NAME = "$(TARGET_NAME)";
				SWIFT_VERSION = 4.0;
				TARGETED_DEVICE_FAMILY = "1,2";
			};
			name = Debug;
		};
		FC9AE39C1F7762A50068B20B /* Release */ = {
			isa = XCBuildConfiguration;
			buildSettings = {
				ASSETCATALOG_COMPILER_APPICON_NAME = AppIcon;
				CODE_SIGN_STYLE = Automatic;
				DEVELOPMENT_TEAM = 5ZR62RK7QJ;
				INFOPLIST_FILE = WorldTrotter/Info.plist;
				LD_RUNPATH_SEARCH_PATHS = "$(inherited) @executable_path/Frameworks";
				PRODUCT_BUNDLE_IDENTIFIER = com.erikolson.WorldTrotter;
				PRODUCT_NAME = "$(TARGET_NAME)";
				SWIFT_VERSION = 4.0;
				TARGETED_DEVICE_FAMILY = "1,2";
			};
			name = Release;
		};
		FC9AE39E1F7762A50068B20B /* Debug */ = {
			isa = XCBuildConfiguration;
			buildSettings = {
				ALWAYS_EMBED_SWIFT_STANDARD_LIBRARIES = YES;
				BUNDLE_LOADER = "$(TEST_HOST)";
				CODE_SIGN_STYLE = Automatic;
				DEVELOPMENT_TEAM = 5ZR62RK7QJ;
				INFOPLIST_FILE = WorldTrotterTests/Info.plist;
				LD_RUNPATH_SEARCH_PATHS = "$(inherited) @executable_path/Frameworks @loader_path/Frameworks";
				PRODUCT_BUNDLE_IDENTIFIER = com.erikolson.WorldTrotterTests;
				PRODUCT_NAME = "$(TARGET_NAME)";
				SWIFT_VERSION = 4.0;
				TARGETED_DEVICE_FAMILY = "1,2";
				TEST_HOST = "$(BUILT_PRODUCTS_DIR)/WorldTrotter.app/WorldTrotter";
			};
			name = Debug;
		};
		FC9AE39F1F7762A50068B20B /* Release */ = {
			isa = XCBuildConfiguration;
			buildSettings = {
				ALWAYS_EMBED_SWIFT_STANDARD_LIBRARIES = YES;
				BUNDLE_LOADER = "$(TEST_HOST)";
				CODE_SIGN_STYLE = Automatic;
				DEVELOPMENT_TEAM = 5ZR62RK7QJ;
				INFOPLIST_FILE = WorldTrotterTests/Info.plist;
				LD_RUNPATH_SEARCH_PATHS = "$(inherited) @executable_path/Frameworks @loader_path/Frameworks";
				PRODUCT_BUNDLE_IDENTIFIER = com.erikolson.WorldTrotterTests;
				PRODUCT_NAME = "$(TARGET_NAME)";
				SWIFT_VERSION = 4.0;
				TARGETED_DEVICE_FAMILY = "1,2";
				TEST_HOST = "$(BUILT_PRODUCTS_DIR)/WorldTrotter.app/WorldTrotter";
			};
			name = Release;
		};
		FC9AE3A11F7762A50068B20B /* Debug */ = {
			isa = XCBuildConfiguration;
			buildSettings = {
				ALWAYS_EMBED_SWIFT_STANDARD_LIBRARIES = YES;
				CODE_SIGN_STYLE = Automatic;
				DEVELOPMENT_TEAM = 5ZR62RK7QJ;
				INFOPLIST_FILE = WorldTrotterUITests/Info.plist;
				LD_RUNPATH_SEARCH_PATHS = "$(inherited) @executable_path/Frameworks @loader_path/Frameworks";
				PRODUCT_BUNDLE_IDENTIFIER = com.erikolson.WorldTrotterUITests;
				PRODUCT_NAME = "$(TARGET_NAME)";
				SWIFT_VERSION = 4.0;
				TARGETED_DEVICE_FAMILY = "1,2";
				TEST_TARGET_NAME = WorldTrotter;
			};
			name = Debug;
		};
		FC9AE3A21F7762A50068B20B /* Release */ = {
			isa = XCBuildConfiguration;
			buildSettings = {
				ALWAYS_EMBED_SWIFT_STANDARD_LIBRARIES = YES;
				CODE_SIGN_STYLE = Automatic;
				DEVELOPMENT_TEAM = 5ZR62RK7QJ;
				INFOPLIST_FILE = WorldTrotterUITests/Info.plist;
				LD_RUNPATH_SEARCH_PATHS = "$(inherited) @executable_path/Frameworks @loader_path/Frameworks";
				PRODUCT_BUNDLE_IDENTIFIER = com.erikolson.WorldTrotterUITests;
				PRODUCT_NAME = "$(TARGET_NAME)";
				SWIFT_VERSION = 4.0;
				TARGETED_DEVICE_FAMILY = "1,2";
				TEST_TARGET_NAME = WorldTrotter;
			};
			name = Release;
		};
/* End XCBuildConfiguration section */

/* Begin XCConfigurationList section */
		FC9AE36D1F7762A50068B20B /* Build configuration list for PBXProject "WorldTrotter" */ = {
			isa = XCConfigurationList;
			buildConfigurations = (
				FC9AE3981F7762A50068B20B /* Debug */,
				FC9AE3991F7762A50068B20B /* Release */,
			);
			defaultConfigurationIsVisible = 0;
			defaultConfigurationName = Release;
		};
		FC9AE39A1F7762A50068B20B /* Build configuration list for PBXNativeTarget "WorldTrotter" */ = {
			isa = XCConfigurationList;
			buildConfigurations = (
				FC9AE39B1F7762A50068B20B /* Debug */,
				FC9AE39C1F7762A50068B20B /* Release */,
			);
			defaultConfigurationIsVisible = 0;
			defaultConfigurationName = Release;
		};
		FC9AE39D1F7762A50068B20B /* Build configuration list for PBXNativeTarget "WorldTrotterTests" */ = {
			isa = XCConfigurationList;
			buildConfigurations = (
				FC9AE39E1F7762A50068B20B /* Debug */,
				FC9AE39F1F7762A50068B20B /* Release */,
			);
			defaultConfigurationIsVisible = 0;
			defaultConfigurationName = Release;
		};
		FC9AE3A01F7762A50068B20B /* Build configuration list for PBXNativeTarget "WorldTrotterUITests" */ = {
			isa = XCConfigurationList;
			buildConfigurations = (
				FC9AE3A11F7762A50068B20B /* Debug */,
				FC9AE3A21F7762A50068B20B /* Release */,
			);
			defaultConfigurationIsVisible = 0;
			defaultConfigurationName = Release;
		};
/* End XCConfigurationList section */
	};
	rootObject = FC9AE36A1F7762A50068B20B /* Project object */;
}
